
Microsoft Visual Studio Solution File, Format Version 12.00
# Visual Studio Version 17
VisualStudioVersion = 17.5.33530.505
MinimumVisualStudioVersion = 10.0.40219.1
Project("{9A19103F-16F7-4668-BE54-9A1E7A4F7556}") = "OOP-Lab7", "OOP-Lab7\OOP-Lab7.csproj", "{D25A6A66-D777-4FE8-9CD8-7975F25B7F33}"
EndProject
Project("{9A19103F-16F7-4668-BE54-9A1E7A4F7556}") = "OOP-Lab7.Data", "OOP-Lab7.Data\OOP-Lab7.Data.csproj", "{31646A0F-58EB-466F-B735-8748BC5F6CB8}"
EndProject
Global
	GlobalSection(SolutionConfigurationPlatforms) = preSolution
		Debug|Any CPU = Debug|Any CPU
		Release|Any CPU = Release|Any CPU
	EndGlobalSection
	GlobalSection(ProjectConfigurationPlatforms) = postSolution
		{D25A6A66-D777-4FE8-9CD8-7975F25B7F33}.Debug|Any CPU.ActiveCfg = Debug|Any CPU
		{D25A6A66-D777-4FE8-9CD8-7975F25B7F33}.Debug|Any CPU.Build.0 = Debug|Any CPU
		{D25A6A66-D777-4FE8-9CD8-7975F25B7F33}.Release|Any CPU.ActiveCfg = Release|Any CPU
		{D25A6A66-D777-4FE8-9CD8-7975F25B7F33}.Release|Any CPU.Build.0 = Release|Any CPU
		{31646A0F-58EB-466F-B735-8748BC5F6CB8}.Debug|Any CPU.ActiveCfg = Debug|Any CPU
		{31646A0F-58EB-466F-B735-8748BC5F6CB8}.Debug|Any CPU.Build.0 = Debug|Any CPU
		{31646A0F-58EB-466F-B735-8748BC5F6CB8}.Release|Any CPU.ActiveCfg = Release|Any CPU
		{31646A0F-58EB-466F-B735-8748BC5F6CB8}.Release|Any CPU.Build.0 = Release|Any CPU
	EndGlobalSection
	GlobalSection(SolutionProperties) = preSolution
		HideSolutionNode = FALSE
	EndGlobalSection
	GlobalSection(ExtensibilityGlobals) = postSolution
		SolutionGuid = {E83B46F2-D920-4CD0-BBC2-D7BFFF5655B6}
	EndGlobalSection
EndGlobal
